// !$*UTF8*$!
{
	archiveVersion = 1;
	classes = {
	};
	objectVersion = 46;
	objects = {

/* Begin PBXBuildFile section */
		3AB633811BD1354500579B74 /* main.swift in Sources */ = {isa = PBXBuildFile; fileRef = 3AB633801BD1354500579B74 /* main.swift */; };
		3AB633851BD135E900579B74 /* HTTPRequestParser.swift in Sources */ = {isa = PBXBuildFile; fileRef = B0B94B321BD09C2600D297F3 /* HTTPRequestParser.swift */; settings = {ASSET_TAGS = (); }; };
		3AB633871BD135E900579B74 /* RawHTTPRequest.swift in Sources */ = {isa = PBXBuildFile; fileRef = B0B94B361BD0A04100D297F3 /* RawHTTPRequest.swift */; settings = {ASSET_TAGS = (); }; };
		3AB633881BD135E900579B74 /* HTTPParseResult.swift in Sources */ = {isa = PBXBuildFile; fileRef = B0B94B3E1BD0A4C900D297F3 /* HTTPParseResult.swift */; settings = {ASSET_TAGS = (); }; };
		3AB633891BD135E900579B74 /* HTTPParseError.swift in Sources */ = {isa = PBXBuildFile; fileRef = B0B94B401BD0A51300D297F3 /* HTTPParseError.swift */; settings = {ASSET_TAGS = (); }; };
		3AB6338A1BD135EF00579B74 /* http_parser.c in Sources */ = {isa = PBXBuildFile; fileRef = B0B94B2D1BD09BF500D297F3 /* http_parser.c */; settings = {ASSET_TAGS = (); }; };
		B0B94B151BD099AD00D297F3 /* HTTPParser.h in Headers */ = {isa = PBXBuildFile; fileRef = B0B94B141BD099AD00D297F3 /* HTTPParser.h */; settings = {ATTRIBUTES = (Public, ); }; };
		B0B94B1C1BD099AE00D297F3 /* HTTPParser.framework in Frameworks */ = {isa = PBXBuildFile; fileRef = B0B94B111BD099AD00D297F3 /* HTTPParser.framework */; settings = {ASSET_TAGS = (); }; };
		B0B94B301BD09BF500D297F3 /* http_parser.c in Sources */ = {isa = PBXBuildFile; fileRef = B0B94B2D1BD09BF500D297F3 /* http_parser.c */; settings = {ASSET_TAGS = (); }; };
		B0B94B311BD09BF500D297F3 /* http_parser.h in Headers */ = {isa = PBXBuildFile; fileRef = B0B94B2E1BD09BF500D297F3 /* http_parser.h */; settings = {ASSET_TAGS = (); }; };
		B0B94B331BD09C2600D297F3 /* HTTPRequestParser.swift in Sources */ = {isa = PBXBuildFile; fileRef = B0B94B321BD09C2600D297F3 /* HTTPRequestParser.swift */; settings = {ASSET_TAGS = (); }; };
		B0B94B371BD0A04100D297F3 /* RawHTTPRequest.swift in Sources */ = {isa = PBXBuildFile; fileRef = B0B94B361BD0A04100D297F3 /* RawHTTPRequest.swift */; settings = {ASSET_TAGS = (); }; };
		B0B94B3B1BD0A1EC00D297F3 /* HTTPRequestParserTests.swift in Sources */ = {isa = PBXBuildFile; fileRef = B0B94B391BD0A1EC00D297F3 /* HTTPRequestParserTests.swift */; settings = {ASSET_TAGS = (); }; };
		B0B94B3F1BD0A4C900D297F3 /* HTTPParseResult.swift in Sources */ = {isa = PBXBuildFile; fileRef = B0B94B3E1BD0A4C900D297F3 /* HTTPParseResult.swift */; settings = {ASSET_TAGS = (); }; };
		B0B94B411BD0A51300D297F3 /* HTTPParseError.swift in Sources */ = {isa = PBXBuildFile; fileRef = B0B94B401BD0A51300D297F3 /* HTTPParseError.swift */; settings = {ASSET_TAGS = (); }; };
		B0B94B511BD0C40100D297F3 /* HTTPParser.framework in Frameworks */ = {isa = PBXBuildFile; fileRef = B0B94B471BD0C40100D297F3 /* HTTPParser.framework */; settings = {ASSET_TAGS = (); }; };
		B0B94B5E1BD0C47900D297F3 /* HTTPParser.h in Headers */ = {isa = PBXBuildFile; fileRef = B0B94B141BD099AD00D297F3 /* HTTPParser.h */; settings = {ATTRIBUTES = (Public, ); }; };
		B0B94B5F1BD0C48200D297F3 /* http_parser.h in Headers */ = {isa = PBXBuildFile; fileRef = B0B94B2E1BD09BF500D297F3 /* http_parser.h */; };
		B0B94B601BD0C48F00D297F3 /* http_parser.c in Sources */ = {isa = PBXBuildFile; fileRef = B0B94B2D1BD09BF500D297F3 /* http_parser.c */; settings = {ASSET_TAGS = (); }; };
		B0B94B611BD0C48F00D297F3 /* HTTPRequestParser.swift in Sources */ = {isa = PBXBuildFile; fileRef = B0B94B321BD09C2600D297F3 /* HTTPRequestParser.swift */; settings = {ASSET_TAGS = (); }; };
		B0B94B631BD0C48F00D297F3 /* RawHTTPRequest.swift in Sources */ = {isa = PBXBuildFile; fileRef = B0B94B361BD0A04100D297F3 /* RawHTTPRequest.swift */; settings = {ASSET_TAGS = (); }; };
		B0B94B641BD0C48F00D297F3 /* HTTPParseResult.swift in Sources */ = {isa = PBXBuildFile; fileRef = B0B94B3E1BD0A4C900D297F3 /* HTTPParseResult.swift */; settings = {ASSET_TAGS = (); }; };
		B0B94B651BD0C48F00D297F3 /* HTTPParseError.swift in Sources */ = {isa = PBXBuildFile; fileRef = B0B94B401BD0A51300D297F3 /* HTTPParseError.swift */; settings = {ASSET_TAGS = (); }; };
		B0B94B661BD0C58300D297F3 /* HTTPRequestParserTests.swift in Sources */ = {isa = PBXBuildFile; fileRef = B0B94B391BD0A1EC00D297F3 /* HTTPRequestParserTests.swift */; settings = {ASSET_TAGS = (); }; };
		B0B94B681BD18B9600D297F3 /* HTTPResponseParser.swift in Sources */ = {isa = PBXBuildFile; fileRef = B0B94B671BD18B9600D297F3 /* HTTPResponseParser.swift */; settings = {ASSET_TAGS = (); }; };
		B0B94B691BD18B9600D297F3 /* HTTPResponseParser.swift in Sources */ = {isa = PBXBuildFile; fileRef = B0B94B671BD18B9600D297F3 /* HTTPResponseParser.swift */; settings = {ASSET_TAGS = (); }; };
		B0B94B6A1BD18B9600D297F3 /* HTTPResponseParser.swift in Sources */ = {isa = PBXBuildFile; fileRef = B0B94B671BD18B9600D297F3 /* HTTPResponseParser.swift */; settings = {ASSET_TAGS = (); }; };
		B0B94B6C1BD18BCB00D297F3 /* RawHTTPResponse.swift in Sources */ = {isa = PBXBuildFile; fileRef = B0B94B6B1BD18BCB00D297F3 /* RawHTTPResponse.swift */; settings = {ASSET_TAGS = (); }; };
		B0B94B6D1BD18BCB00D297F3 /* RawHTTPResponse.swift in Sources */ = {isa = PBXBuildFile; fileRef = B0B94B6B1BD18BCB00D297F3 /* RawHTTPResponse.swift */; settings = {ASSET_TAGS = (); }; };
		B0B94B6E1BD18BCB00D297F3 /* RawHTTPResponse.swift in Sources */ = {isa = PBXBuildFile; fileRef = B0B94B6B1BD18BCB00D297F3 /* RawHTTPResponse.swift */; settings = {ASSET_TAGS = (); }; };
		B0B94B701BD18D8F00D297F3 /* HTTPResponseParserTests.swift in Sources */ = {isa = PBXBuildFile; fileRef = B0B94B6F1BD18D8F00D297F3 /* HTTPResponseParserTests.swift */; settings = {ASSET_TAGS = (); }; };
		B0B94B711BD18D8F00D297F3 /* HTTPResponseParserTests.swift in Sources */ = {isa = PBXBuildFile; fileRef = B0B94B6F1BD18D8F00D297F3 /* HTTPResponseParserTests.swift */; settings = {ASSET_TAGS = (); }; };
		B0E25A1F1BD3D66C0059078E /* http_parser_swift.c in Sources */ = {isa = PBXBuildFile; fileRef = B0E25A1D1BD3D66C0059078E /* http_parser_swift.c */; settings = {ASSET_TAGS = (); }; };
		B0E25A201BD3D66C0059078E /* http_parser_swift.c in Sources */ = {isa = PBXBuildFile; fileRef = B0E25A1D1BD3D66C0059078E /* http_parser_swift.c */; settings = {ASSET_TAGS = (); }; };
		B0E25A211BD3D66C0059078E /* http_parser_swift.c in Sources */ = {isa = PBXBuildFile; fileRef = B0E25A1D1BD3D66C0059078E /* http_parser_swift.c */; settings = {ASSET_TAGS = (); }; };
		B0E25A221BD3D66C0059078E /* http_parser_swift.h in Headers */ = {isa = PBXBuildFile; fileRef = B0E25A1E1BD3D66C0059078E /* http_parser_swift.h */; settings = {ASSET_TAGS = (); }; };
		B0E25A231BD3D66C0059078E /* http_parser_swift.h in Headers */ = {isa = PBXBuildFile; fileRef = B0E25A1E1BD3D66C0059078E /* http_parser_swift.h */; settings = {ASSET_TAGS = (); }; };
		B0E25A261BD3F1B70059078E /* RawURI.swift in Sources */ = {isa = PBXBuildFile; fileRef = B0E25A251BD3F1B70059078E /* RawURI.swift */; settings = {ASSET_TAGS = (); }; };
		B0E25A271BD3F1B70059078E /* RawURI.swift in Sources */ = {isa = PBXBuildFile; fileRef = B0E25A251BD3F1B70059078E /* RawURI.swift */; settings = {ASSET_TAGS = (); }; };
		B0E25A281BD3F1B70059078E /* RawURI.swift in Sources */ = {isa = PBXBuildFile; fileRef = B0E25A251BD3F1B70059078E /* RawURI.swift */; settings = {ASSET_TAGS = (); }; };
/* End PBXBuildFile section */

/* Begin PBXContainerItemProxy section */
		B0B94B1D1BD099AE00D297F3 /* PBXContainerItemProxy */ = {
			isa = PBXContainerItemProxy;
			containerPortal = B0B94B081BD099AD00D297F3 /* Project object */;
			proxyType = 1;
			remoteGlobalIDString = B0B94B101BD099AD00D297F3;
			remoteInfo = HTTPParser;
		};
		B0B94B521BD0C40100D297F3 /* PBXContainerItemProxy */ = {
			isa = PBXContainerItemProxy;
			containerPortal = B0B94B081BD099AD00D297F3 /* Project object */;
			proxyType = 1;
			remoteGlobalIDString = B0B94B461BD0C40100D297F3;
			remoteInfo = "HTTPParser OSX";
		};
/* End PBXContainerItemProxy section */

/* Begin PBXCopyFilesBuildPhase section */
		3AB6337C1BD1354500579B74 /* CopyFiles */ = {
			isa = PBXCopyFilesBuildPhase;
			buildActionMask = 2147483647;
			dstPath = /usr/share/man/man1/;
			dstSubfolderSpec = 0;
			files = (
			);
			runOnlyForDeploymentPostprocessing = 1;
		};
/* End PBXCopyFilesBuildPhase section */

/* Begin PBXFileReference section */
		3AB6337E1BD1354500579B74 /* HTTPParser Command Line */ = {isa = PBXFileReference; explicitFileType = "compiled.mach-o.executable"; includeInIndex = 0; path = "HTTPParser Command Line"; sourceTree = BUILT_PRODUCTS_DIR; };
		3AB633801BD1354500579B74 /* main.swift */ = {isa = PBXFileReference; lastKnownFileType = sourcecode.swift; path = main.swift; sourceTree = "<group>"; };
		B0B94B111BD099AD00D297F3 /* HTTPParser.framework */ = {isa = PBXFileReference; explicitFileType = wrapper.framework; includeInIndex = 0; path = HTTPParser.framework; sourceTree = BUILT_PRODUCTS_DIR; };
		B0B94B141BD099AD00D297F3 /* HTTPParser.h */ = {isa = PBXFileReference; lastKnownFileType = sourcecode.c.h; path = HTTPParser.h; sourceTree = "<group>"; };
		B0B94B161BD099AD00D297F3 /* Info.plist */ = {isa = PBXFileReference; lastKnownFileType = text.plist.xml; path = Info.plist; sourceTree = "<group>"; };
		B0B94B1B1BD099AE00D297F3 /* HTTPParser iOS Tests.xctest */ = {isa = PBXFileReference; explicitFileType = wrapper.cfbundle; includeInIndex = 0; path = "HTTPParser iOS Tests.xctest"; sourceTree = BUILT_PRODUCTS_DIR; };
		B0B94B2D1BD09BF500D297F3 /* http_parser.c */ = {isa = PBXFileReference; fileEncoding = 4; lastKnownFileType = sourcecode.c.c; path = http_parser.c; sourceTree = "<group>"; };
		B0B94B2E1BD09BF500D297F3 /* http_parser.h */ = {isa = PBXFileReference; fileEncoding = 4; lastKnownFileType = sourcecode.c.h; path = http_parser.h; sourceTree = "<group>"; };
		B0B94B2F1BD09BF500D297F3 /* module.map */ = {isa = PBXFileReference; fileEncoding = 4; lastKnownFileType = "sourcecode.module-map"; path = module.map; sourceTree = "<group>"; };
		B0B94B321BD09C2600D297F3 /* HTTPRequestParser.swift */ = {isa = PBXFileReference; fileEncoding = 4; lastKnownFileType = sourcecode.swift; path = HTTPRequestParser.swift; sourceTree = "<group>"; };
		B0B94B361BD0A04100D297F3 /* RawHTTPRequest.swift */ = {isa = PBXFileReference; fileEncoding = 4; lastKnownFileType = sourcecode.swift; path = RawHTTPRequest.swift; sourceTree = "<group>"; };
		B0B94B391BD0A1EC00D297F3 /* HTTPRequestParserTests.swift */ = {isa = PBXFileReference; fileEncoding = 4; lastKnownFileType = sourcecode.swift; path = HTTPRequestParserTests.swift; sourceTree = "<group>"; };
		B0B94B3A1BD0A1EC00D297F3 /* Info.plist */ = {isa = PBXFileReference; fileEncoding = 4; lastKnownFileType = text.plist.xml; path = Info.plist; sourceTree = "<group>"; };
		B0B94B3E1BD0A4C900D297F3 /* HTTPParseResult.swift */ = {isa = PBXFileReference; fileEncoding = 4; lastKnownFileType = sourcecode.swift; path = HTTPParseResult.swift; sourceTree = "<group>"; };
		B0B94B401BD0A51300D297F3 /* HTTPParseError.swift */ = {isa = PBXFileReference; fileEncoding = 4; lastKnownFileType = sourcecode.swift; path = HTTPParseError.swift; sourceTree = "<group>"; };
		B0B94B471BD0C40100D297F3 /* HTTPParser.framework */ = {isa = PBXFileReference; explicitFileType = wrapper.framework; includeInIndex = 0; path = HTTPParser.framework; sourceTree = BUILT_PRODUCTS_DIR; };
		B0B94B501BD0C40100D297F3 /* HTTPParser OSX Tests.xctest */ = {isa = PBXFileReference; explicitFileType = wrapper.cfbundle; includeInIndex = 0; path = "HTTPParser OSX Tests.xctest"; sourceTree = BUILT_PRODUCTS_DIR; };
		B0B94B671BD18B9600D297F3 /* HTTPResponseParser.swift */ = {isa = PBXFileReference; fileEncoding = 4; lastKnownFileType = sourcecode.swift; path = HTTPResponseParser.swift; sourceTree = "<group>"; };
		B0B94B6B1BD18BCB00D297F3 /* RawHTTPResponse.swift */ = {isa = PBXFileReference; fileEncoding = 4; lastKnownFileType = sourcecode.swift; path = RawHTTPResponse.swift; sourceTree = "<group>"; };
		B0B94B6F1BD18D8F00D297F3 /* HTTPResponseParserTests.swift */ = {isa = PBXFileReference; fileEncoding = 4; lastKnownFileType = sourcecode.swift; path = HTTPResponseParserTests.swift; sourceTree = "<group>"; };
		B0E25A1D1BD3D66C0059078E /* http_parser_swift.c */ = {isa = PBXFileReference; fileEncoding = 4; lastKnownFileType = sourcecode.c.c; path = http_parser_swift.c; sourceTree = "<group>"; };
		B0E25A1E1BD3D66C0059078E /* http_parser_swift.h */ = {isa = PBXFileReference; fileEncoding = 4; lastKnownFileType = sourcecode.c.h; path = http_parser_swift.h; sourceTree = "<group>"; };
		B0E25A251BD3F1B70059078E /* RawURI.swift */ = {isa = PBXFileReference; fileEncoding = 4; lastKnownFileType = sourcecode.swift; path = RawURI.swift; sourceTree = "<group>"; };
/* End PBXFileReference section */

/* Begin PBXFrameworksBuildPhase section */
		3AB6337B1BD1354500579B74 /* Frameworks */ = {
			isa = PBXFrameworksBuildPhase;
			buildActionMask = 2147483647;
			files = (
			);
			runOnlyForDeploymentPostprocessing = 0;
		};
		B0B94B0D1BD099AD00D297F3 /* Frameworks */ = {
			isa = PBXFrameworksBuildPhase;
			buildActionMask = 2147483647;
			files = (
			);
			runOnlyForDeploymentPostprocessing = 0;
		};
		B0B94B181BD099AE00D297F3 /* Frameworks */ = {
			isa = PBXFrameworksBuildPhase;
			buildActionMask = 2147483647;
			files = (
				B0B94B1C1BD099AE00D297F3 /* HTTPParser.framework in Frameworks */,
			);
			runOnlyForDeploymentPostprocessing = 0;
		};
		B0B94B431BD0C40100D297F3 /* Frameworks */ = {
			isa = PBXFrameworksBuildPhase;
			buildActionMask = 2147483647;
			files = (
			);
			runOnlyForDeploymentPostprocessing = 0;
		};
		B0B94B4D1BD0C40100D297F3 /* Frameworks */ = {
			isa = PBXFrameworksBuildPhase;
			buildActionMask = 2147483647;
			files = (
				B0B94B511BD0C40100D297F3 /* HTTPParser.framework in Frameworks */,
			);
			runOnlyForDeploymentPostprocessing = 0;
		};
/* End PBXFrameworksBuildPhase section */

/* Begin PBXGroup section */
		3AB6337F1BD1354500579B74 /* HTTPParser Command Line */ = {
			isa = PBXGroup;
			children = (
				3AB633801BD1354500579B74 /* main.swift */,
			);
			path = "HTTPParser Command Line";
			sourceTree = "<group>";
		};
		B06D3E3A1BD28D41004F750D /* Request */ = {
			isa = PBXGroup;
			children = (
				B0B94B361BD0A04100D297F3 /* RawHTTPRequest.swift */,
				B0B94B321BD09C2600D297F3 /* HTTPRequestParser.swift */,
			);
			name = Request;
			sourceTree = "<group>";
		};
		B06D3E3B1BD28D4A004F750D /* Response */ = {
			isa = PBXGroup;
			children = (
				B0B94B6B1BD18BCB00D297F3 /* RawHTTPResponse.swift */,
				B0B94B671BD18B9600D297F3 /* HTTPResponseParser.swift */,
			);
			name = Response;
			sourceTree = "<group>";
		};
		B06D3E3C1BD28D63004F750D /* Error */ = {
			isa = PBXGroup;
			children = (
				B0B94B401BD0A51300D297F3 /* HTTPParseError.swift */,
			);
			name = Error;
			sourceTree = "<group>";
		};
		B06D3E3D1BD28D6C004F750D /* Result */ = {
			isa = PBXGroup;
			children = (
				B0B94B3E1BD0A4C900D297F3 /* HTTPParseResult.swift */,
			);
			name = Result;
			sourceTree = "<group>";
		};
		B0B94B071BD099AD00D297F3 = {
			isa = PBXGroup;
			children = (
				B0B94B2B1BD09B6D00D297F3 /* Dependencies */,
				B0B94B131BD099AD00D297F3 /* HTTPParser */,
				B0B94B381BD0A1EC00D297F3 /* HTTPParser Tests */,
				3AB6337F1BD1354500579B74 /* HTTPParser Command Line */,
				B0B94B121BD099AD00D297F3 /* Products */,
			);
			sourceTree = "<group>";
		};
		B0B94B121BD099AD00D297F3 /* Products */ = {
			isa = PBXGroup;
			children = (
				B0B94B111BD099AD00D297F3 /* HTTPParser.framework */,
				B0B94B1B1BD099AE00D297F3 /* HTTPParser iOS Tests.xctest */,
				B0B94B471BD0C40100D297F3 /* HTTPParser.framework */,
				B0B94B501BD0C40100D297F3 /* HTTPParser OSX Tests.xctest */,
				3AB6337E1BD1354500579B74 /* HTTPParser Command Line */,
			);
			name = Products;
			sourceTree = "<group>";
		};
		B0B94B131BD099AD00D297F3 /* HTTPParser */ = {
			isa = PBXGroup;
			children = (
				B0B94B141BD099AD00D297F3 /* HTTPParser.h */,
				B0E25A241BD3F1A50059078E /* URI */,
				B06D3E3C1BD28D63004F750D /* Error */,
				B06D3E3D1BD28D6C004F750D /* Result */,
				B06D3E3A1BD28D41004F750D /* Request */,
				B06D3E3B1BD28D4A004F750D /* Response */,
				B0B94B161BD099AD00D297F3 /* Info.plist */,
			);
			path = HTTPParser;
			sourceTree = "<group>";
		};
		B0B94B2B1BD09B6D00D297F3 /* Dependencies */ = {
			isa = PBXGroup;
			children = (
				B0B94B2C1BD09BF500D297F3 /* http_parser */,
			);
			name = Dependencies;
			sourceTree = "<group>";
		};
		B0B94B2C1BD09BF500D297F3 /* http_parser */ = {
			isa = PBXGroup;
			children = (
				B0B94B2E1BD09BF500D297F3 /* http_parser.h */,
				B0B94B2D1BD09BF500D297F3 /* http_parser.c */,
				B0B94B2F1BD09BF500D297F3 /* module.map */,
				B0E25A1E1BD3D66C0059078E /* http_parser_swift.h */,
				B0E25A1D1BD3D66C0059078E /* http_parser_swift.c */,
			);
			name = http_parser;
			path = Dependencies/http_parser;
			sourceTree = "<group>";
		};
		B0B94B381BD0A1EC00D297F3 /* HTTPParser Tests */ = {
			isa = PBXGroup;
			children = (
				B0B94B391BD0A1EC00D297F3 /* HTTPRequestParserTests.swift */,
				B0B94B6F1BD18D8F00D297F3 /* HTTPResponseParserTests.swift */,
				B0B94B3A1BD0A1EC00D297F3 /* Info.plist */,
			);
			path = "HTTPParser Tests";
			sourceTree = SOURCE_ROOT;
		};
		B0E25A241BD3F1A50059078E /* URI */ = {
			isa = PBXGroup;
			children = (
				B0E25A251BD3F1B70059078E /* RawURI.swift */,
			);
			name = URI;
			sourceTree = "<group>";
		};
/* End PBXGroup section */

/* Begin PBXHeadersBuildPhase section */
		B0B94B0E1BD099AD00D297F3 /* Headers */ = {
			isa = PBXHeadersBuildPhase;
			buildActionMask = 2147483647;
			files = (
				B0B94B151BD099AD00D297F3 /* HTTPParser.h in Headers */,
				B0E25A231BD3D66C0059078E /* http_parser_swift.h in Headers */,
				B0B94B311BD09BF500D297F3 /* http_parser.h in Headers */,
			);
			runOnlyForDeploymentPostprocessing = 0;
		};
		B0B94B441BD0C40100D297F3 /* Headers */ = {
			isa = PBXHeadersBuildPhase;
			buildActionMask = 2147483647;
			files = (
				B0B94B5E1BD0C47900D297F3 /* HTTPParser.h in Headers */,
				B0E25A221BD3D66C0059078E /* http_parser_swift.h in Headers */,
				B0B94B5F1BD0C48200D297F3 /* http_parser.h in Headers */,
			);
			runOnlyForDeploymentPostprocessing = 0;
		};
/* End PBXHeadersBuildPhase section */

/* Begin PBXNativeTarget section */
		3AB6337D1BD1354500579B74 /* HTTPParser Command Line */ = {
			isa = PBXNativeTarget;
			buildConfigurationList = 3AB633841BD1354500579B74 /* Build configuration list for PBXNativeTarget "HTTPParser Command Line" */;
			buildPhases = (
				3AB6337A1BD1354500579B74 /* Sources */,
				3AB6337B1BD1354500579B74 /* Frameworks */,
				3AB6337C1BD1354500579B74 /* CopyFiles */,
			);
			buildRules = (
			);
			dependencies = (
			);
			name = "HTTPParser Command Line";
			productName = "HTTPParser Command Line";
			productReference = 3AB6337E1BD1354500579B74 /* HTTPParser Command Line */;
			productType = "com.apple.product-type.tool";
		};
		B0B94B101BD099AD00D297F3 /* HTTPParser iOS */ = {
			isa = PBXNativeTarget;
			buildConfigurationList = B0B94B251BD099AE00D297F3 /* Build configuration list for PBXNativeTarget "HTTPParser iOS" */;
			buildPhases = (
				B0B94B0C1BD099AD00D297F3 /* Sources */,
				B0B94B0D1BD099AD00D297F3 /* Frameworks */,
				B0B94B0E1BD099AD00D297F3 /* Headers */,
				B0B94B0F1BD099AD00D297F3 /* Resources */,
			);
			buildRules = (
			);
			dependencies = (
			);
			name = "HTTPParser iOS";
			productName = HTTPParser;
			productReference = B0B94B111BD099AD00D297F3 /* HTTPParser.framework */;
			productType = "com.apple.product-type.framework";
		};
		B0B94B1A1BD099AE00D297F3 /* HTTPParser iOS Tests */ = {
			isa = PBXNativeTarget;
			buildConfigurationList = B0B94B281BD099AE00D297F3 /* Build configuration list for PBXNativeTarget "HTTPParser iOS Tests" */;
			buildPhases = (
				B0B94B171BD099AE00D297F3 /* Sources */,
				B0B94B181BD099AE00D297F3 /* Frameworks */,
				B0B94B191BD099AE00D297F3 /* Resources */,
			);
			buildRules = (
			);
			dependencies = (
				B0B94B1E1BD099AE00D297F3 /* PBXTargetDependency */,
			);
			name = "HTTPParser iOS Tests";
			productName = HTTPParserTests;
			productReference = B0B94B1B1BD099AE00D297F3 /* HTTPParser iOS Tests.xctest */;
			productType = "com.apple.product-type.bundle.unit-test";
		};
		B0B94B461BD0C40100D297F3 /* HTTPParser OSX */ = {
			isa = PBXNativeTarget;
			buildConfigurationList = B0B94B581BD0C40100D297F3 /* Build configuration list for PBXNativeTarget "HTTPParser OSX" */;
			buildPhases = (
				B0B94B421BD0C40100D297F3 /* Sources */,
				B0B94B431BD0C40100D297F3 /* Frameworks */,
				B0B94B441BD0C40100D297F3 /* Headers */,
				B0B94B451BD0C40100D297F3 /* Resources */,
			);
			buildRules = (
			);
			dependencies = (
			);
			name = "HTTPParser OSX";
			productName = "HTTPParser OSX";
			productReference = B0B94B471BD0C40100D297F3 /* HTTPParser.framework */;
			productType = "com.apple.product-type.framework";
		};
		B0B94B4F1BD0C40100D297F3 /* HTTPParser OSX Tests */ = {
			isa = PBXNativeTarget;
			buildConfigurationList = B0B94B5B1BD0C40100D297F3 /* Build configuration list for PBXNativeTarget "HTTPParser OSX Tests" */;
			buildPhases = (
				B0B94B4C1BD0C40100D297F3 /* Sources */,
				B0B94B4D1BD0C40100D297F3 /* Frameworks */,
				B0B94B4E1BD0C40100D297F3 /* Resources */,
			);
			buildRules = (
			);
			dependencies = (
				B0B94B531BD0C40100D297F3 /* PBXTargetDependency */,
			);
			name = "HTTPParser OSX Tests";
			productName = "HTTPParser OSXTests";
			productReference = B0B94B501BD0C40100D297F3 /* HTTPParser OSX Tests.xctest */;
			productType = "com.apple.product-type.bundle.unit-test";
		};
/* End PBXNativeTarget section */

/* Begin PBXProject section */
		B0B94B081BD099AD00D297F3 /* Project object */ = {
			isa = PBXProject;
			attributes = {
				LastSwiftUpdateCheck = 0700;
				LastUpgradeCheck = 0700;
				ORGANIZATIONNAME = Zewo;
				TargetAttributes = {
					3AB6337D1BD1354500579B74 = {
						CreatedOnToolsVersion = 7.0.1;
					};
					B0B94B101BD099AD00D297F3 = {
						CreatedOnToolsVersion = 7.0;
					};
					B0B94B1A1BD099AE00D297F3 = {
						CreatedOnToolsVersion = 7.0;
					};
					B0B94B461BD0C40100D297F3 = {
						CreatedOnToolsVersion = 7.0;
					};
					B0B94B4F1BD0C40100D297F3 = {
						CreatedOnToolsVersion = 7.0;
					};
				};
			};
			buildConfigurationList = B0B94B0B1BD099AD00D297F3 /* Build configuration list for PBXProject "HTTPParser" */;
			compatibilityVersion = "Xcode 3.2";
			developmentRegion = English;
			hasScannedForEncodings = 0;
			knownRegions = (
				en,
			);
			mainGroup = B0B94B071BD099AD00D297F3;
			productRefGroup = B0B94B121BD099AD00D297F3 /* Products */;
			projectDirPath = "";
			projectRoot = "";
			targets = (
				B0B94B461BD0C40100D297F3 /* HTTPParser OSX */,
				B0B94B101BD099AD00D297F3 /* HTTPParser iOS */,
				B0B94B4F1BD0C40100D297F3 /* HTTPParser OSX Tests */,
				B0B94B1A1BD099AE00D297F3 /* HTTPParser iOS Tests */,
				3AB6337D1BD1354500579B74 /* HTTPParser Command Line */,
			);
		};
/* End PBXProject section */

/* Begin PBXResourcesBuildPhase section */
		B0B94B0F1BD099AD00D297F3 /* Resources */ = {
			isa = PBXResourcesBuildPhase;
			buildActionMask = 2147483647;
			files = (
			);
			runOnlyForDeploymentPostprocessing = 0;
		};
		B0B94B191BD099AE00D297F3 /* Resources */ = {
			isa = PBXResourcesBuildPhase;
			buildActionMask = 2147483647;
			files = (
			);
			runOnlyForDeploymentPostprocessing = 0;
		};
		B0B94B451BD0C40100D297F3 /* Resources */ = {
			isa = PBXResourcesBuildPhase;
			buildActionMask = 2147483647;
			files = (
			);
			runOnlyForDeploymentPostprocessing = 0;
		};
		B0B94B4E1BD0C40100D297F3 /* Resources */ = {
			isa = PBXResourcesBuildPhase;
			buildActionMask = 2147483647;
			files = (
			);
			runOnlyForDeploymentPostprocessing = 0;
		};
/* End PBXResourcesBuildPhase section */

/* Begin PBXSourcesBuildPhase section */
		3AB6337A1BD1354500579B74 /* Sources */ = {
			isa = PBXSourcesBuildPhase;
			buildActionMask = 2147483647;
			files = (
				3AB633881BD135E900579B74 /* HTTPParseResult.swift in Sources */,
				3AB633851BD135E900579B74 /* HTTPRequestParser.swift in Sources */,
				3AB633811BD1354500579B74 /* main.swift in Sources */,
				3AB6338A1BD135EF00579B74 /* http_parser.c in Sources */,
				3AB633871BD135E900579B74 /* RawHTTPRequest.swift in Sources */,
				3AB633891BD135E900579B74 /* HTTPParseError.swift in Sources */,
				B0B94B6E1BD18BCB00D297F3 /* RawHTTPResponse.swift in Sources */,
				B0E25A211BD3D66C0059078E /* http_parser_swift.c in Sources */,
				B0B94B6A1BD18B9600D297F3 /* HTTPResponseParser.swift in Sources */,
				B0E25A281BD3F1B70059078E /* RawURI.swift in Sources */,
			);
			runOnlyForDeploymentPostprocessing = 0;
		};
		B0B94B0C1BD099AD00D297F3 /* Sources */ = {
			isa = PBXSourcesBuildPhase;
			buildActionMask = 2147483647;
			files = (
				B0E25A271BD3F1B70059078E /* RawURI.swift in Sources */,
				B0B94B3F1BD0A4C900D297F3 /* HTTPParseResult.swift in Sources */,
				B0B94B6D1BD18BCB00D297F3 /* RawHTTPResponse.swift in Sources */,
				B0B94B331BD09C2600D297F3 /* HTTPRequestParser.swift in Sources */,
				B0B94B371BD0A04100D297F3 /* RawHTTPRequest.swift in Sources */,
				B0E25A201BD3D66C0059078E /* http_parser_swift.c in Sources */,
				B0B94B691BD18B9600D297F3 /* HTTPResponseParser.swift in Sources */,
				B0B94B301BD09BF500D297F3 /* http_parser.c in Sources */,
				B0B94B411BD0A51300D297F3 /* HTTPParseError.swift in Sources */,
			);
			runOnlyForDeploymentPostprocessing = 0;
		};
		B0B94B171BD099AE00D297F3 /* Sources */ = {
			isa = PBXSourcesBuildPhase;
			buildActionMask = 2147483647;
			files = (
				B0B94B3B1BD0A1EC00D297F3 /* HTTPRequestParserTests.swift in Sources */,
				B0B94B711BD18D8F00D297F3 /* HTTPResponseParserTests.swift in Sources */,
			);
			runOnlyForDeploymentPostprocessing = 0;
		};
		B0B94B421BD0C40100D297F3 /* Sources */ = {
			isa = PBXSourcesBuildPhase;
			buildActionMask = 2147483647;
			files = (
				B0E25A261BD3F1B70059078E /* RawURI.swift in Sources */,
				B0B94B641BD0C48F00D297F3 /* HTTPParseResult.swift in Sources */,
				B0B94B6C1BD18BCB00D297F3 /* RawHTTPResponse.swift in Sources */,
				B0B94B611BD0C48F00D297F3 /* HTTPRequestParser.swift in Sources */,
				B0B94B601BD0C48F00D297F3 /* http_parser.c in Sources */,
				B0E25A1F1BD3D66C0059078E /* http_parser_swift.c in Sources */,
				B0B94B681BD18B9600D297F3 /* HTTPResponseParser.swift in Sources */,
				B0B94B631BD0C48F00D297F3 /* RawHTTPRequest.swift in Sources */,
				B0B94B651BD0C48F00D297F3 /* HTTPParseError.swift in Sources */,
			);
			runOnlyForDeploymentPostprocessing = 0;
		};
		B0B94B4C1BD0C40100D297F3 /* Sources */ = {
			isa = PBXSourcesBuildPhase;
			buildActionMask = 2147483647;
			files = (
				B0B94B661BD0C58300D297F3 /* HTTPRequestParserTests.swift in Sources */,
				B0B94B701BD18D8F00D297F3 /* HTTPResponseParserTests.swift in Sources */,
			);
			runOnlyForDeploymentPostprocessing = 0;
		};
/* End PBXSourcesBuildPhase section */

/* Begin PBXTargetDependency section */
		B0B94B1E1BD099AE00D297F3 /* PBXTargetDependency */ = {
			isa = PBXTargetDependency;
			target = B0B94B101BD099AD00D297F3 /* HTTPParser iOS */;
			targetProxy = B0B94B1D1BD099AE00D297F3 /* PBXContainerItemProxy */;
		};
		B0B94B531BD0C40100D297F3 /* PBXTargetDependency */ = {
			isa = PBXTargetDependency;
			target = B0B94B461BD0C40100D297F3 /* HTTPParser OSX */;
			targetProxy = B0B94B521BD0C40100D297F3 /* PBXContainerItemProxy */;
		};
/* End PBXTargetDependency section */

/* Begin XCBuildConfiguration section */
		3AB633821BD1354500579B74 /* Debug */ = {
			isa = XCBuildConfiguration;
			buildSettings = {
				MACOSX_DEPLOYMENT_TARGET = 10.9;
				PRODUCT_NAME = "$(TARGET_NAME)";
				SDKROOT = macosx;
				SWIFT_INCLUDE_PATHS = "$(SRCROOT)/Dependencies";
			};
			name = Debug;
		};
		3AB633831BD1354500579B74 /* Release */ = {
			isa = XCBuildConfiguration;
			buildSettings = {
				MACOSX_DEPLOYMENT_TARGET = 10.9;
				PRODUCT_NAME = "$(TARGET_NAME)";
				SDKROOT = macosx;
				SWIFT_INCLUDE_PATHS = "$(SRCROOT)/Dependencies";
				SWIFT_OPTIMIZATION_LEVEL = "-Owholemodule";
			};
			name = Release;
		};
		B0B94B231BD099AE00D297F3 /* Debug */ = {
			isa = XCBuildConfiguration;
			buildSettings = {
				ALWAYS_SEARCH_USER_PATHS = NO;
				CLANG_CXX_LANGUAGE_STANDARD = "gnu++0x";
				CLANG_CXX_LIBRARY = "libc++";
				CLANG_ENABLE_MODULES = YES;
				CLANG_ENABLE_OBJC_ARC = YES;
				CLANG_WARN_BOOL_CONVERSION = YES;
				CLANG_WARN_CONSTANT_CONVERSION = YES;
				CLANG_WARN_DIRECT_OBJC_ISA_USAGE = YES_ERROR;
				CLANG_WARN_EMPTY_BODY = YES;
				CLANG_WARN_ENUM_CONVERSION = YES;
				CLANG_WARN_INT_CONVERSION = YES;
				CLANG_WARN_OBJC_ROOT_CLASS = YES_ERROR;
				CLANG_WARN_UNREACHABLE_CODE = YES;
				CLANG_WARN__DUPLICATE_METHOD_MATCH = YES;
				"CODE_SIGN_IDENTITY[sdk=iphoneos*]" = "iPhone Developer";
				COPY_PHASE_STRIP = NO;
				CURRENT_PROJECT_VERSION = 1;
				DEBUG_INFORMATION_FORMAT = dwarf;
				ENABLE_STRICT_OBJC_MSGSEND = YES;
				ENABLE_TESTABILITY = YES;
				GCC_C_LANGUAGE_STANDARD = gnu99;
				GCC_DYNAMIC_NO_PIC = NO;
				GCC_NO_COMMON_BLOCKS = YES;
				GCC_OPTIMIZATION_LEVEL = 0;
				GCC_PREPROCESSOR_DEFINITIONS = (
					"DEBUG=1",
					"$(inherited)",
				);
				GCC_WARN_64_TO_32_BIT_CONVERSION = YES;
				GCC_WARN_ABOUT_RETURN_TYPE = YES_ERROR;
				GCC_WARN_UNDECLARED_SELECTOR = YES;
				GCC_WARN_UNINITIALIZED_AUTOS = YES_AGGRESSIVE;
				GCC_WARN_UNUSED_FUNCTION = YES;
				GCC_WARN_UNUSED_VARIABLE = YES;
				IPHONEOS_DEPLOYMENT_TARGET = 9.0;
				MTL_ENABLE_DEBUG_INFO = YES;
				ONLY_ACTIVE_ARCH = YES;
				SDKROOT = iphoneos;
				SWIFT_OPTIMIZATION_LEVEL = "-Onone";
				TARGETED_DEVICE_FAMILY = "1,2";
				VERSIONING_SYSTEM = "apple-generic";
				VERSION_INFO_PREFIX = "";
			};
			name = Debug;
		};
		B0B94B241BD099AE00D297F3 /* Release */ = {
			isa = XCBuildConfiguration;
			buildSettings = {
				ALWAYS_SEARCH_USER_PATHS = NO;
				CLANG_CXX_LANGUAGE_STANDARD = "gnu++0x";
				CLANG_CXX_LIBRARY = "libc++";
				CLANG_ENABLE_MODULES = YES;
				CLANG_ENABLE_OBJC_ARC = YES;
				CLANG_WARN_BOOL_CONVERSION = YES;
				CLANG_WARN_CONSTANT_CONVERSION = YES;
				CLANG_WARN_DIRECT_OBJC_ISA_USAGE = YES_ERROR;
				CLANG_WARN_EMPTY_BODY = YES;
				CLANG_WARN_ENUM_CONVERSION = YES;
				CLANG_WARN_INT_CONVERSION = YES;
				CLANG_WARN_OBJC_ROOT_CLASS = YES_ERROR;
				CLANG_WARN_UNREACHABLE_CODE = YES;
				CLANG_WARN__DUPLICATE_METHOD_MATCH = YES;
				"CODE_SIGN_IDENTITY[sdk=iphoneos*]" = "iPhone Developer";
				COPY_PHASE_STRIP = NO;
				CURRENT_PROJECT_VERSION = 1;
				DEBUG_INFORMATION_FORMAT = "dwarf-with-dsym";
				ENABLE_NS_ASSERTIONS = NO;
				ENABLE_STRICT_OBJC_MSGSEND = YES;
				GCC_C_LANGUAGE_STANDARD = gnu99;
				GCC_NO_COMMON_BLOCKS = YES;
				GCC_WARN_64_TO_32_BIT_CONVERSION = YES;
				GCC_WARN_ABOUT_RETURN_TYPE = YES_ERROR;
				GCC_WARN_UNDECLARED_SELECTOR = YES;
				GCC_WARN_UNINITIALIZED_AUTOS = YES_AGGRESSIVE;
				GCC_WARN_UNUSED_FUNCTION = YES;
				GCC_WARN_UNUSED_VARIABLE = YES;
				IPHONEOS_DEPLOYMENT_TARGET = 9.0;
				MTL_ENABLE_DEBUG_INFO = NO;
				SDKROOT = iphoneos;
				TARGETED_DEVICE_FAMILY = "1,2";
				VALIDATE_PRODUCT = YES;
				VERSIONING_SYSTEM = "apple-generic";
				VERSION_INFO_PREFIX = "";
			};
			name = Release;
		};
		B0B94B261BD099AE00D297F3 /* Debug */ = {
			isa = XCBuildConfiguration;
			buildSettings = {
				CLANG_ENABLE_MODULES = YES;
				DEFINES_MODULE = YES;
				DYLIB_COMPATIBILITY_VERSION = 1;
				DYLIB_CURRENT_VERSION = 1;
				DYLIB_INSTALL_NAME_BASE = "@rpath";
				INFOPLIST_FILE = HTTPParser/Info.plist;
				INSTALL_PATH = "$(LOCAL_LIBRARY_DIR)/Frameworks";
				IPHONEOS_DEPLOYMENT_TARGET = 8.0;
				LD_RUNPATH_SEARCH_PATHS = "$(inherited) @executable_path/Frameworks @loader_path/Frameworks";
				PRODUCT_BUNDLE_IDENTIFIER = com.zewo.HTTPParser;
				PRODUCT_NAME = HTTPParser;
				SKIP_INSTALL = YES;
				SWIFT_INCLUDE_PATHS = "$(SRCROOT)/Dependencies";
				SWIFT_OPTIMIZATION_LEVEL = "-Onone";
			};
			name = Debug;
		};
		B0B94B271BD099AE00D297F3 /* Release */ = {
			isa = XCBuildConfiguration;
			buildSettings = {
				CLANG_ENABLE_MODULES = YES;
				DEFINES_MODULE = YES;
				DYLIB_COMPATIBILITY_VERSION = 1;
				DYLIB_CURRENT_VERSION = 1;
				DYLIB_INSTALL_NAME_BASE = "@rpath";
				INFOPLIST_FILE = HTTPParser/Info.plist;
				INSTALL_PATH = "$(LOCAL_LIBRARY_DIR)/Frameworks";
				IPHONEOS_DEPLOYMENT_TARGET = 8.0;
				LD_RUNPATH_SEARCH_PATHS = "$(inherited) @executable_path/Frameworks @loader_path/Frameworks";
				PRODUCT_BUNDLE_IDENTIFIER = com.zewo.HTTPParser;
				PRODUCT_NAME = HTTPParser;
				SKIP_INSTALL = YES;
				SWIFT_INCLUDE_PATHS = "$(SRCROOT)/Dependencies";
				SWIFT_OPTIMIZATION_LEVEL = "-Owholemodule";
			};
			name = Release;
		};
		B0B94B291BD099AE00D297F3 /* Debug */ = {
			isa = XCBuildConfiguration;
			buildSettings = {
				INFOPLIST_FILE = "HTTPParser Tests/Info.plist";
				LD_RUNPATH_SEARCH_PATHS = "$(inherited) @executable_path/Frameworks @loader_path/Frameworks";
				PRODUCT_BUNDLE_IDENTIFIER = com.zewo.HTTPParserTests;
				PRODUCT_NAME = "$(TARGET_NAME)";
			};
			name = Debug;
		};
		B0B94B2A1BD099AE00D297F3 /* Release */ = {
			isa = XCBuildConfiguration;
			buildSettings = {
				INFOPLIST_FILE = "HTTPParser Tests/Info.plist";
				LD_RUNPATH_SEARCH_PATHS = "$(inherited) @executable_path/Frameworks @loader_path/Frameworks";
				PRODUCT_BUNDLE_IDENTIFIER = com.zewo.HTTPParserTests;
				PRODUCT_NAME = "$(TARGET_NAME)";
				SWIFT_OPTIMIZATION_LEVEL = "-Owholemodule";
			};
			name = Release;
		};
		B0B94B591BD0C40100D297F3 /* Debug */ = {
			isa = XCBuildConfiguration;
			buildSettings = {
				COMBINE_HIDPI_IMAGES = YES;
				DEFINES_MODULE = YES;
				DYLIB_COMPATIBILITY_VERSION = 1;
				DYLIB_CURRENT_VERSION = 1;
				DYLIB_INSTALL_NAME_BASE = "@rpath";
				FRAMEWORK_VERSION = A;
				INFOPLIST_FILE = HTTPParser/Info.plist;
				INSTALL_PATH = "$(LOCAL_LIBRARY_DIR)/Frameworks";
				LD_RUNPATH_SEARCH_PATHS = "$(inherited) @executable_path/../Frameworks @loader_path/Frameworks";
				MACOSX_DEPLOYMENT_TARGET = 10.9;
				PRODUCT_BUNDLE_IDENTIFIER = "com.zewo.HTTPParser-OSX";
				PRODUCT_NAME = HTTPParser;
				SDKROOT = macosx;
				SKIP_INSTALL = YES;
				SWIFT_INCLUDE_PATHS = "$(SRCROOT)/Dependencies";
			};
			name = Debug;
		};
		B0B94B5A1BD0C40100D297F3 /* Release */ = {
			isa = XCBuildConfiguration;
			buildSettings = {
				COMBINE_HIDPI_IMAGES = YES;
				DEFINES_MODULE = YES;
				DYLIB_COMPATIBILITY_VERSION = 1;
				DYLIB_CURRENT_VERSION = 1;
				DYLIB_INSTALL_NAME_BASE = "@rpath";
				FRAMEWORK_VERSION = A;
				INFOPLIST_FILE = HTTPParser/Info.plist;
				INSTALL_PATH = "$(LOCAL_LIBRARY_DIR)/Frameworks";
				LD_RUNPATH_SEARCH_PATHS = "$(inherited) @executable_path/../Frameworks @loader_path/Frameworks";
				MACOSX_DEPLOYMENT_TARGET = 10.9;
				PRODUCT_BUNDLE_IDENTIFIER = "com.zewo.HTTPParser-OSX";
				PRODUCT_NAME = HTTPParser;
				SDKROOT = macosx;
				SKIP_INSTALL = YES;
				SWIFT_INCLUDE_PATHS = "$(SRCROOT)/Dependencies";
				SWIFT_OPTIMIZATION_LEVEL = "-Owholemodule";
			};
			name = Release;
		};
		B0B94B5C1BD0C40100D297F3 /* Debug */ = {
			isa = XCBuildConfiguration;
			buildSettings = {
				COMBINE_HIDPI_IMAGES = YES;
				INFOPLIST_FILE = "HTTPParser Tests/Info.plist";
				LD_RUNPATH_SEARCH_PATHS = "$(inherited) @executable_path/../Frameworks @loader_path/../Frameworks";
				MACOSX_DEPLOYMENT_TARGET = 10.10;
				PRODUCT_BUNDLE_IDENTIFIER = "com.zewo.HTTPParser-OSXTests";
				PRODUCT_NAME = "$(TARGET_NAME)";
				SDKROOT = macosx;
			};
			name = Debug;
		};
		B0B94B5D1BD0C40100D297F3 /* Release */ = {
			isa = XCBuildConfiguration;
			buildSettings = {
				COMBINE_HIDPI_IMAGES = YES;
				INFOPLIST_FILE = "HTTPParser Tests/Info.plist";
				LD_RUNPATH_SEARCH_PATHS = "$(inherited) @executable_path/../Frameworks @loader_path/../Frameworks";
				MACOSX_DEPLOYMENT_TARGET = 10.10;
				PRODUCT_BUNDLE_IDENTIFIER = "com.zewo.HTTPParser-OSXTests";
				PRODUCT_NAME = "$(TARGET_NAME)";
				SDKROOT = macosx;
				SWIFT_OPTIMIZATION_LEVEL = "-Owholemodule";
			};
			name = Release;
		};
/* End XCBuildConfiguration section */

/* Begin XCConfigurationList section */
		3AB633841BD1354500579B74 /* Build configuration list for PBXNativeTarget "HTTPParser Command Line" */ = {
			isa = XCConfigurationList;
			buildConfigurations = (
				3AB633821BD1354500579B74 /* Debug */,
				3AB633831BD1354500579B74 /* Release */,
			);
			defaultConfigurationIsVisible = 0;
			defaultConfigurationName = Release;
		};
		B0B94B0B1BD099AD00D297F3 /* Build configuration list for PBXProject "HTTPParser" */ = {
			isa = XCConfigurationList;
			buildConfigurations = (
				B0B94B231BD099AE00D297F3 /* Debug */,
				B0B94B241BD099AE00D297F3 /* Release */,
			);
			defaultConfigurationIsVisible = 0;
			defaultConfigurationName = Release;
		};
		B0B94B251BD099AE00D297F3 /* Build configuration list for PBXNativeTarget "HTTPParser iOS" */ = {
			isa = XCConfigurationList;
			buildConfigurations = (
				B0B94B261BD099AE00D297F3 /* Debug */,
				B0B94B271BD099AE00D297F3 /* Release */,
			);
			defaultConfigurationIsVisible = 0;
			defaultConfigurationName = Release;
		};
		B0B94B281BD099AE00D297F3 /* Build configuration list for PBXNativeTarget "HTTPParser iOS Tests" */ = {
			isa = XCConfigurationList;
			buildConfigurations = (
				B0B94B291BD099AE00D297F3 /* Debug */,
				B0B94B2A1BD099AE00D297F3 /* Release */,
			);
			defaultConfigurationIsVisible = 0;
			defaultConfigurationName = Release;
		};
		B0B94B581BD0C40100D297F3 /* Build configuration list for PBXNativeTarget "HTTPParser OSX" */ = {
			isa = XCConfigurationList;
			buildConfigurations = (
				B0B94B591BD0C40100D297F3 /* Debug */,
				B0B94B5A1BD0C40100D297F3 /* Release */,
			);
			defaultConfigurationIsVisible = 0;
			defaultConfigurationName = Release;
		};
		B0B94B5B1BD0C40100D297F3 /* Build configuration list for PBXNativeTarget "HTTPParser OSX Tests" */ = {
			isa = XCConfigurationList;
			buildConfigurations = (
				B0B94B5C1BD0C40100D297F3 /* Debug */,
				B0B94B5D1BD0C40100D297F3 /* Release */,
			);
			defaultConfigurationIsVisible = 0;
			defaultConfigurationName = Release;
		};
/* End XCConfigurationList section */
	};
	rootObject = B0B94B081BD099AD00D297F3 /* Project object */;
}
